
Microsoft Visual Studio Solution File, Format Version 12.00
# Visual Studio Version 16
VisualStudioVersion = 16.0.31019.35
MinimumVisualStudioVersion = 10.0.40219.1
Project("{FAE04EC0-301F-11D3-BF4B-00C04F79EFBC}") = "Customer", "Customer.csproj", "{04501324-7166-4281-88EF-6678738E7CDE}"
EndProject
Global
	GlobalSection(SolutionConfigurationPlatforms) = preSolution
		Debug|Any CPU = Debug|Any CPU
		Release|Any CPU = Release|Any CPU
	EndGlobalSection
	GlobalSection(ProjectConfigurationPlatforms) = postSolution
		{04501324-7166-4281-88EF-6678738E7CDE}.Debug|Any CPU.ActiveCfg = Debug|Any CPU
		{04501324-7166-4281-88EF-6678738E7CDE}.Debug|Any CPU.Build.0 = Debug|Any CPU
		{04501324-7166-4281-88EF-6678738E7CDE}.Release|Any CPU.ActiveCfg = Release|Any CPU
		{04501324-7166-4281-88EF-6678738E7CDE}.Release|Any CPU.Build.0 = Release|Any CPU
	EndGlobalSection
	GlobalSection(SolutionProperties) = preSolution
		HideSolutionNode = FALSE
	EndGlobalSection
	GlobalSection(ExtensibilityGlobals) = postSolution
		SolutionGuid = {B4CA6211-6D91-42EF-BF13-4DAA462584B0}
	EndGlobalSection
EndGlobal
